
Microsoft Visual Studio Solution File, Format Version 12.00
# Visual Studio Version 16
VisualStudioVersion = 16.0.31515.178
MinimumVisualStudioVersion = 10.0.40219.1
Project("{FAE04EC0-301F-11D3-BF4B-00C04F79EFBC}") = "SaltedMeat", "SaltedMeat.csproj", "{2E56106E-1353-4AF9-9EA5-E01FDCC62085}"
EndProject
Global
	GlobalSection(SolutionConfigurationPlatforms) = preSolution
		Debug|Any CPU = Debug|Any CPU
		Release|Any CPU = Release|Any CPU
	EndGlobalSection
	GlobalSection(ProjectConfigurationPlatforms) = postSolution
		{2E56106E-1353-4AF9-9EA5-E01FDCC62085}.Debug|Any CPU.ActiveCfg = Debug|Any CPU
		{2E56106E-1353-4AF9-9EA5-E01FDCC62085}.Debug|Any CPU.Build.0 = Debug|Any CPU
		{2E56106E-1353-4AF9-9EA5-E01FDCC62085}.Release|Any CPU.ActiveCfg = Release|Any CPU
		{2E56106E-1353-4AF9-9EA5-E01FDCC62085}.Release|Any CPU.Build.0 = Release|Any CPU
	EndGlobalSection
	GlobalSection(SolutionProperties) = preSolution
		HideSolutionNode = FALSE
	EndGlobalSection
	GlobalSection(ExtensibilityGlobals) = postSolution
		SolutionGuid = {85718D4D-F317-425F-92CD-0C7DFF29AE20}
	EndGlobalSection
EndGlobal
